{
  "nodes": {
    "nixpkgs": {
      "locked": {
        "lastModified": 1731333645,
        "narHash": "sha256-TQPD4zw8tGPWQt5hIBIB/OVuWDeKhAAzlDmWgvn0zXk=",
        "owner": "NixOS",
        "repo": "nixpkgs",
        "rev": "ba2f9f2fff7e25bdae408eb2f7fc695e9eb53c2f",
        "type": "github"
      },
      "original": {
        "owner": "NixOS",
        "repo": "nixpkgs",
        "type": "github"
      }
    },
    "root": {
      "inputs": {
        "nixpkgs": "nixpkgs"
      }
    }
  },
  "root": "root",
  "version": 7
}
